Microsoft Visual Studio Solution File, Format Version 12.00
# Visual Studio Version 16
VisualStudioVersion = 16.0.0.0
MinimumVisualStudioVersion = 16.0.0.0
Project("{9A19103F-16F7-4668-BE54-9A1E7A4F7556}") = "HoefsmidEnjo.Server", "Server\HoefsmidEnjo.Server.csproj", "{2E93E245-7065-43D6-95ED-E89D08150EB0}"
EndProject
Project("{9A19103F-16F7-4668-BE54-9A1E7A4F7556}") = "HoefsmidEnjo.Client", "Client\HoefsmidEnjo.Client.csproj", "{89C4473F-7DD9-4876-B40D-952FAA0C4F87}"
EndProject
Project("{9A19103F-16F7-4668-BE54-9A1E7A4F7556}") = "HoefsmidEnjo.Shared", "Shared\HoefsmidEnjo.Shared.csproj", "{B5E00263-FB71-4AD2-8280-05FFC08E4460}"
EndProject
Project("{9A19103F-16F7-4668-BE54-9A1E7A4F7556}") = "Services", "Services\Services.csproj", "{72F8AECA-F85B-4B4A-BCE1-5BC99DC4E854}"
EndProject
Project("{9A19103F-16F7-4668-BE54-9A1E7A4F7556}") = "Domain", "Domain\Domain.csproj", "{CB807255-A306-49CA-A694-14E9CD762F45}"
EndProject
Global
	GlobalSection(SolutionConfigurationPlatforms) = preSolution
		Debug|Any CPU = Debug|Any CPU
		Debug|x64 = Debug|x64
		Debug|x86 = Debug|x86
		Release|Any CPU = Release|Any CPU
		Release|x64 = Release|x64
		Release|x86 = Release|x86
	EndGlobalSection
	GlobalSection(ProjectConfigurationPlatforms) = postSolution
		{2E93E245-7065-43D6-95ED-E89D08150EB0}.Debug|Any CPU.ActiveCfg = Debug|Any CPU
		{2E93E245-7065-43D6-95ED-E89D08150EB0}.Debug|Any CPU.Build.0 = Debug|Any CPU
		{2E93E245-7065-43D6-95ED-E89D08150EB0}.Debug|x64.ActiveCfg = Debug|Any CPU
		{2E93E245-7065-43D6-95ED-E89D08150EB0}.Debug|x64.Build.0 = Debug|Any CPU
		{2E93E245-7065-43D6-95ED-E89D08150EB0}.Debug|x86.ActiveCfg = Debug|Any CPU
		{2E93E245-7065-43D6-95ED-E89D08150EB0}.Debug|x86.Build.0 = Debug|Any CPU
		{2E93E245-7065-43D6-95ED-E89D08150EB0}.Release|Any CPU.ActiveCfg = Release|Any CPU
		{2E93E245-7065-43D6-95ED-E89D08150EB0}.Release|Any CPU.Build.0 = Release|Any CPU
		{2E93E245-7065-43D6-95ED-E89D08150EB0}.Release|x64.ActiveCfg = Release|Any CPU
		{2E93E245-7065-43D6-95ED-E89D08150EB0}.Release|x64.Build.0 = Release|Any CPU
		{2E93E245-7065-43D6-95ED-E89D08150EB0}.Release|x86.ActiveCfg = Release|Any CPU
		{2E93E245-7065-43D6-95ED-E89D08150EB0}.Release|x86.Build.0 = Release|Any CPU
		{89C4473F-7DD9-4876-B40D-952FAA0C4F87}.Debug|Any CPU.ActiveCfg = Debug|Any CPU
		{89C4473F-7DD9-4876-B40D-952FAA0C4F87}.Debug|Any CPU.Build.0 = Debug|Any CPU
		{89C4473F-7DD9-4876-B40D-952FAA0C4F87}.Debug|x64.ActiveCfg = Debug|Any CPU
		{89C4473F-7DD9-4876-B40D-952FAA0C4F87}.Debug|x64.Build.0 = Debug|Any CPU
		{89C4473F-7DD9-4876-B40D-952FAA0C4F87}.Debug|x86.ActiveCfg = Debug|Any CPU
		{89C4473F-7DD9-4876-B40D-952FAA0C4F87}.Debug|x86.Build.0 = Debug|Any CPU
		{89C4473F-7DD9-4876-B40D-952FAA0C4F87}.Release|Any CPU.ActiveCfg = Release|Any CPU
		{89C4473F-7DD9-4876-B40D-952FAA0C4F87}.Release|Any CPU.Build.0 = Release|Any CPU
		{89C4473F-7DD9-4876-B40D-952FAA0C4F87}.Release|x64.ActiveCfg = Release|Any CPU
		{89C4473F-7DD9-4876-B40D-952FAA0C4F87}.Release|x64.Build.0 = Release|Any CPU
		{89C4473F-7DD9-4876-B40D-952FAA0C4F87}.Release|x86.ActiveCfg = Release|Any CPU
		{89C4473F-7DD9-4876-B40D-952FAA0C4F87}.Release|x86.Build.0 = Release|Any CPU
		{B5E00263-FB71-4AD2-8280-05FFC08E4460}.Debug|Any CPU.ActiveCfg = Debug|Any CPU
		{B5E00263-FB71-4AD2-8280-05FFC08E4460}.Debug|Any CPU.Build.0 = Debug|Any CPU
		{B5E00263-FB71-4AD2-8280-05FFC08E4460}.Debug|x64.ActiveCfg = Debug|Any CPU
		{B5E00263-FB71-4AD2-8280-05FFC08E4460}.Debug|x64.Build.0 = Debug|Any CPU
		{B5E00263-FB71-4AD2-8280-05FFC08E4460}.Debug|x86.ActiveCfg = Debug|Any CPU
		{B5E00263-FB71-4AD2-8280-05FFC08E4460}.Debug|x86.Build.0 = Debug|Any CPU
		{B5E00263-FB71-4AD2-8280-05FFC08E4460}.Release|Any CPU.ActiveCfg = Release|Any CPU
		{B5E00263-FB71-4AD2-8280-05FFC08E4460}.Release|Any CPU.Build.0 = Release|Any CPU
		{B5E00263-FB71-4AD2-8280-05FFC08E4460}.Release|x64.ActiveCfg = Release|Any CPU
		{B5E00263-FB71-4AD2-8280-05FFC08E4460}.Release|x64.Build.0 = Release|Any CPU
		{B5E00263-FB71-4AD2-8280-05FFC08E4460}.Release|x86.ActiveCfg = Release|Any CPU
		{B5E00263-FB71-4AD2-8280-05FFC08E4460}.Release|x86.Build.0 = Release|Any CPU
		{72F8AECA-F85B-4B4A-BCE1-5BC99DC4E854}.Debug|Any CPU.ActiveCfg = Debug|Any CPU
		{72F8AECA-F85B-4B4A-BCE1-5BC99DC4E854}.Debug|Any CPU.Build.0 = Debug|Any CPU
		{72F8AECA-F85B-4B4A-BCE1-5BC99DC4E854}.Debug|x64.ActiveCfg = Debug|Any CPU
		{72F8AECA-F85B-4B4A-BCE1-5BC99DC4E854}.Debug|x64.Build.0 = Debug|Any CPU
		{72F8AECA-F85B-4B4A-BCE1-5BC99DC4E854}.Debug|x86.ActiveCfg = Debug|Any CPU
		{72F8AECA-F85B-4B4A-BCE1-5BC99DC4E854}.Debug|x86.Build.0 = Debug|Any CPU
		{72F8AECA-F85B-4B4A-BCE1-5BC99DC4E854}.Release|Any CPU.ActiveCfg = Release|Any CPU
		{72F8AECA-F85B-4B4A-BCE1-5BC99DC4E854}.Release|Any CPU.Build.0 = Release|Any CPU
		{72F8AECA-F85B-4B4A-BCE1-5BC99DC4E854}.Release|x64.ActiveCfg = Release|Any CPU
		{72F8AECA-F85B-4B4A-BCE1-5BC99DC4E854}.Release|x64.Build.0 = Release|Any CPU
		{72F8AECA-F85B-4B4A-BCE1-5BC99DC4E854}.Release|x86.ActiveCfg = Release|Any CPU
		{72F8AECA-F85B-4B4A-BCE1-5BC99DC4E854}.Release|x86.Build.0 = Release|Any CPU
		{CB807255-A306-49CA-A694-14E9CD762F45}.Debug|Any CPU.ActiveCfg = Debug|Any CPU
		{CB807255-A306-49CA-A694-14E9CD762F45}.Debug|Any CPU.Build.0 = Debug|Any CPU
		{CB807255-A306-49CA-A694-14E9CD762F45}.Debug|x64.ActiveCfg = Debug|Any CPU
		{CB807255-A306-49CA-A694-14E9CD762F45}.Debug|x64.Build.0 = Debug|Any CPU
		{CB807255-A306-49CA-A694-14E9CD762F45}.Debug|x86.ActiveCfg = Debug|Any CPU
		{CB807255-A306-49CA-A694-14E9CD762F45}.Debug|x86.Build.0 = Debug|Any CPU
		{CB807255-A306-49CA-A694-14E9CD762F45}.Release|Any CPU.ActiveCfg = Release|Any CPU
		{CB807255-A306-49CA-A694-14E9CD762F45}.Release|Any CPU.Build.0 = Release|Any CPU
		{CB807255-A306-49CA-A694-14E9CD762F45}.Release|x64.ActiveCfg = Release|Any CPU
		{CB807255-A306-49CA-A694-14E9CD762F45}.Release|x64.Build.0 = Release|Any CPU
		{CB807255-A306-49CA-A694-14E9CD762F45}.Release|x86.ActiveCfg = Release|Any CPU
		{CB807255-A306-49CA-A694-14E9CD762F45}.Release|x86.Build.0 = Release|Any CPU
	EndGlobalSection
	GlobalSection(SolutionProperties) = preSolution
		HideSolutionNode = FALSE
	EndGlobalSection
	GlobalSection(ExtensibilityGlobals) = postSolution
		SolutionGuid = {73C06634-81F5-4311-9860-9D3276B8EB09}
	EndGlobalSection
EndGlobal
